# This file is generated by running "yarn install" inside your project.
# Manual changes might be lost - proceed with caution!

__metadata:
  version: 6
  cacheKey: 8

"@babel/runtime@npm:^7.11.2, @babel/runtime@npm:^7.17.8":
  version: 7.22.10
  resolution: "@babel/runtime@npm:7.22.10"
  dependencies:
    regenerator-runtime: ^0.14.0
  checksum: 524d41517e68953dbc73a4f3616b8475e5813f64e28ba89ff5fca2c044d535c2ea1a3f310df1e5bb06162e1f0b401b5c4af73fe6e2519ca2450d9d8c44cf268d
  languageName: node
  linkType: hard

"@chevrotain/cst-dts-gen@npm:10.5.0":
  version: 10.5.0
  resolution: "@chevrotain/cst-dts-gen@npm:10.5.0"
  dependencies:
    "@chevrotain/gast": 10.5.0
    "@chevrotain/types": 10.5.0
    lodash: 4.17.21
  checksum: 3ff851d5cbccc509269bb77078dafd7acfcd2e128e7d362718cde728f3fa95f4dd58eb1eea67ecf11453fba70bded97df55c5ba31ed93fb2dec4324663bd2eee
  languageName: node
  linkType: hard

"@chevrotain/gast@npm:10.5.0":
  version: 10.5.0
  resolution: "@chevrotain/gast@npm:10.5.0"
  dependencies:
    "@chevrotain/types": 10.5.0
    lodash: 4.17.21
  checksum: 35183e7067bc936db9ecfea7624ee3178634618cf1518ea3470b4ed208fb19454dc3ed990a0de2dab80794251398a857ad17d26cc552eac497a2aa974f76b86d
  languageName: node
  linkType: hard

"@chevrotain/types@npm:10.5.0":
  version: 10.5.0
  resolution: "@chevrotain/types@npm:10.5.0"
  checksum: 72f7b48de1888ab14831108da4b0ab3ef244e1101a4094240382e4983a9e71aae6f8a87e09b819854d1028cee08f97b7d2a81fce935742c55d2bc497b7cad350
  languageName: node
  linkType: hard

"@chevrotain/utils@npm:10.5.0":
  version: 10.5.0
  resolution: "@chevrotain/utils@npm:10.5.0"
  checksum: f3ae9e0fea2e928a1a4930311d3ef04f45c29fa58ba4d5d2ca43c33355ac47f95ce99a98d6496706e2e7f773ef684a9a7e7cbd7b77c00af9158f08c82d88212b
  languageName: node
  linkType: hard

"@mediapipe/tasks-vision@npm:0.10.2":
  version: 0.10.2
  resolution: "@mediapipe/tasks-vision@npm:0.10.2"
  checksum: 0e5ac77f9b8b218303c95043dce2c377ed0fa8c623c6263604390e66004c6c986a6717d9abdebee02eb0382a0051e2659665d754129f1aac30c1ad6804639dce
  languageName: node
  linkType: hard

"@react-spring/animated@npm:~9.6.1":
  version: 9.6.1
  resolution: "@react-spring/animated@npm:9.6.1"
  dependencies:
    "@react-spring/shared": ~9.6.1
    "@react-spring/types": ~9.6.1
  peerDependencies:
    react: ^16.8.0 || ^17.0.0 || ^18.0.0
  checksum: fd8b3dbb1ad3195d510888bd7ea2e2790ea4505442b70b19b30c462c2b68f56c9d66febbb7e4fa32a21e31b03c423176f6257879be80b22c0286e56789547ee3
  languageName: node
  linkType: hard

"@react-spring/core@npm:~9.6.1":
  version: 9.6.1
  resolution: "@react-spring/core@npm:9.6.1"
  dependencies:
    "@react-spring/animated": ~9.6.1
    "@react-spring/rafz": ~9.6.1
    "@react-spring/shared": ~9.6.1
    "@react-spring/types": ~9.6.1
  peerDependencies:
    react: ^16.8.0 || ^17.0.0 || ^18.0.0
  checksum: 7e0aaec8a6f68b3f2399533947cdbf1b2c4f94a6b01eb1d577516af7385cd302d775f1f3f10b838581edd70773d314ba066dbce0b63169b4cf2fd7791acc3d13
  languageName: node
  linkType: hard

"@react-spring/rafz@npm:~9.6.1":
  version: 9.6.1
  resolution: "@react-spring/rafz@npm:9.6.1"
  checksum: 3c8967b01ad29d212244a572193b465087104064b043e6bb303e4498e165f73bb8ef20d46af7bcdd351dc3370fb190fcee76a31d80a8b2c09cf04ef976e34556
  languageName: node
  linkType: hard

"@react-spring/shared@npm:~9.6.1":
  version: 9.6.1
  resolution: "@react-spring/shared@npm:9.6.1"
  dependencies:
    "@react-spring/rafz": ~9.6.1
    "@react-spring/types": ~9.6.1
  peerDependencies:
    react: ^16.8.0 || ^17.0.0 || ^18.0.0
  checksum: 4e2c905a1804fe0402753ce50fc563faa87dec7b6dd348cc21800c213ce71d77db4e299cf1b9c47a8ee557220b62ee64ac934867c11881b1124b63f59eb4c9f3
  languageName: node
  linkType: hard

"@react-spring/three@npm:~9.6.1":
  version: 9.6.1
  resolution: "@react-spring/three@npm:9.6.1"
  dependencies:
    "@react-spring/animated": ~9.6.1
    "@react-spring/core": ~9.6.1
    "@react-spring/shared": ~9.6.1
    "@react-spring/types": ~9.6.1
  peerDependencies:
    "@react-three/fiber": ">=6.0"
    react: ^16.8.0 || ^17.0.0 || ^18.0.0
    three: ">=0.126"
  checksum: 7d53e6673efd4dc063a475bbbfbac687c717695ffff0d03d3f7e4d8adaa39ebe0455d099337871f281ab5f2bab872886f782cf269722deb907b0446388a818b4
  languageName: node
  linkType: hard

"@react-spring/types@npm:~9.6.1":
  version: 9.6.1
  resolution: "@react-spring/types@npm:9.6.1"
  checksum: 803dc6c2d67773ee1e5d00d2feac291dad32cf4ca6a790554d6133dd4cd39aeb89b3beea4cc67f91c2d2e4bdbd1a995540dc7fee117138e207a105d255d39c1c
  languageName: node
  linkType: hard

"@react-three/drei@npm:^9.80.2":
  version: 9.80.2
  resolution: "@react-three/drei@npm:9.80.2"
  dependencies:
    "@babel/runtime": ^7.11.2
    "@mediapipe/tasks-vision": 0.10.2
    "@react-spring/three": ~9.6.1
    "@use-gesture/react": ^10.2.24
    camera-controls: ^2.4.2
    detect-gpu: ^5.0.28
    glsl-noise: ^0.0.0
    lodash.clamp: ^4.0.3
    lodash.omit: ^4.5.0
    lodash.pick: ^4.4.0
    maath: ^0.6.0
    meshline: ^3.1.6
    react-composer: ^5.0.3
    react-merge-refs: ^1.1.0
    stats-gl: ^1.0.4
    stats.js: ^0.17.0
    suspend-react: ^0.1.3
    three-mesh-bvh: ^0.6.0
    three-stdlib: ^2.23.9
    troika-three-text: ^0.47.2
    utility-types: ^3.10.0
    zustand: ^3.5.13
  peerDependencies:
    "@react-three/fiber": ">=8.0"
    react: ">=18.0"
    react-dom: ">=18.0"
    three: ">=0.137"
  peerDependenciesMeta:
    react-dom:
      optional: true
  checksum: fc2fed9b98283fe85217c0c919d8d20785adca2aaae8fa5a3489f9c563f9214e679b1d003ff954e7166c98bc152e6f6b6684bd5d73831b1a25f94661e9cb16a1
  languageName: node
  linkType: hard

"@react-three/fiber@npm:^8.13.6":
  version: 8.13.6
  resolution: "@react-three/fiber@npm:8.13.6"
  dependencies:
    "@babel/runtime": ^7.17.8
    "@types/react-reconciler": ^0.26.7
    its-fine: ^1.0.6
    react-reconciler: ^0.27.0
    react-use-measure: ^2.1.1
    scheduler: ^0.21.0
    suspend-react: ^0.1.3
    zustand: ^3.7.1
  peerDependencies:
    expo: ">=43.0"
    expo-asset: ">=8.4"
    expo-gl: ">=11.0"
    react: ">=18.0"
    react-dom: ">=18.0"
    react-native: ">=0.64"
    three: ">=0.133"
  peerDependenciesMeta:
    expo:
      optional: true
    expo-asset:
      optional: true
    expo-gl:
      optional: true
    react-dom:
      optional: true
    react-native:
      optional: true
  checksum: b7ad58c20f1c2193b57425f8cbe6614797b62668744ab164922250a954a18720fa1d3c0bca4152a4577651e49b07b72fdcd28c05c310773e72ac62d6674764b9
  languageName: node
  linkType: hard

"@types/draco3d@npm:^1.4.0":
  version: 1.4.2
  resolution: "@types/draco3d@npm:1.4.2"
  checksum: d8e60db5e7e51081b32700d8f0defa537b41249eac6fe39e4af4e3e002f131acfd2a5e993bcfde9b597b30413726fbe6189a7b3bd970a3d7e9da93ef2e098283
  languageName: node
  linkType: hard

"@types/offscreencanvas@npm:^2019.6.4":
  version: 2019.7.0
  resolution: "@types/offscreencanvas@npm:2019.7.0"
  checksum: 018cfcd19e0c59c44d14ba61caaca7246f77fbb512839c7881654b7f2b6591dbdd5857362eccbf49f29cdc93724e71a4b37c8b6cf203388f9c04e913a53ea390
  languageName: node
  linkType: hard

"@types/prop-types@npm:*":
  version: 15.7.5
  resolution: "@types/prop-types@npm:15.7.5"
  checksum: 5b43b8b15415e1f298243165f1d44390403bb2bd42e662bca3b5b5633fdd39c938e91b7fce3a9483699db0f7a715d08cef220c121f723a634972fdf596aec980
  languageName: node
  linkType: hard

"@types/react-reconciler@npm:^0.26.7":
  version: 0.26.7
  resolution: "@types/react-reconciler@npm:0.26.7"
  dependencies:
    "@types/react": "*"
  checksum: 4122d2b08580f775d0aeae9bd10b68248f894096ed14c0ebbc143ef712e21b159e89d0c628bd95dd3329947fc1ee94a0cb1d2d32b32b1d5d225e70030e91e58f
  languageName: node
  linkType: hard

"@types/react-reconciler@npm:^0.28.0":
  version: 0.28.2
  resolution: "@types/react-reconciler@npm:0.28.2"
  dependencies:
    "@types/react": "*"
  checksum: 9720f76a334ce4f25205d5bb72303a04f458bb2981cb9bd7f9ed0c16513f6c6ab809099bb5f46dc13e443d4c54e3a77a6038316a127a4dc844db2273f287a669
  languageName: node
  linkType: hard

"@types/react@npm:*":
  version: 18.2.20
  resolution: "@types/react@npm:18.2.20"
  dependencies:
    "@types/prop-types": "*"
    "@types/scheduler": "*"
    csstype: ^3.0.2
  checksum: 30f699c60e5e4bfef273ce64d320651cdd60f5c6a08361c6c7eca8cebcccda1ac953d2ee57c9f321b5ae87f8a62c72b6d35ca42df0e261d337849952daab2141
  languageName: node
  linkType: hard

"@types/scheduler@npm:*":
  version: 0.16.3
  resolution: "@types/scheduler@npm:0.16.3"
  checksum: 2b0aec39c24268e3ce938c5db2f2e77f5c3dd280e05c262d9c2fe7d890929e4632a6b8e94334017b66b45e4f92a5aa42ba3356640c2a1175fa37bef2f5200767
  languageName: node
  linkType: hard

"@types/webxr@npm:^0.5.2":
  version: 0.5.2
  resolution: "@types/webxr@npm:0.5.2"
  checksum: e3387c3d64c140557796a4bcececd82d912a88f73ff8e34bf51c04d44078390fbe4756b256b2844b1ae4664a883d46f96bb40913d21f12e9ab484d9d8dbc68c3
  languageName: node
  linkType: hard

"@use-gesture/core@npm:10.2.27":
  version: 10.2.27
  resolution: "@use-gesture/core@npm:10.2.27"
  checksum: 3cc29b93e23597257483e2bb14fa53d322fca9c1e41a50a0d2af78557f4565404e2029c1409cfb49c2fd75096044fe9219914b4ce908f8eb3846ec8404f23b0a
  languageName: node
  linkType: hard

"@use-gesture/react@npm:^10.2.24":
  version: 10.2.27
  resolution: "@use-gesture/react@npm:10.2.27"
  dependencies:
    "@use-gesture/core": 10.2.27
  peerDependencies:
    react: ">= 16.8.0"
  checksum: 745c835483138eb033953dee285ddece04f236ac82a6897dcf03dd38daeb5335f91e664436ff55e3b449dccb1eadd809fcd7e7d1440c6f82c4e87663bfaadd5f
  languageName: node
  linkType: hard

"Keyfall@workspace:.":
  version: 0.0.0-use.local
  resolution: "Keyfall@workspace:."
  dependencies:
    "@react-three/drei": ^9.80.2
    "@react-three/fiber": ^8.13.6
    react: ^18.2.0
    react-dom: ^18.2.0
    three: ^0.155.0
  languageName: unknown
  linkType: soft

"bidi-js@npm:^1.0.2":
  version: 1.0.3
  resolution: "bidi-js@npm:1.0.3"
  dependencies:
    require-from-string: ^2.0.2
  checksum: 877c5dcfd69a35fd30fee9e49a03faf205a7a4cd04a38af7648974a659cab7b1cd51fa881d7957c07bd1fc5adf22b90a56da3617bb0885ee69d58ff41117658c
  languageName: node
  linkType: hard

"camera-controls@npm:^2.4.2":
  version: 2.7.0
  resolution: "camera-controls@npm:2.7.0"
  peerDependencies:
    three: ">=0.126.1"
  checksum: 86caa08faf2e6b52a709758c133b2c987ca08082d2138cc2556970d11ec086228d50ccef6f42a6afe338aa1de60bbac602e434acce1359a7b34fd6e74859e55d
  languageName: node
  linkType: hard

"chevrotain@npm:^10.1.2":
  version: 10.5.0
  resolution: "chevrotain@npm:10.5.0"
  dependencies:
    "@chevrotain/cst-dts-gen": 10.5.0
    "@chevrotain/gast": 10.5.0
    "@chevrotain/types": 10.5.0
    "@chevrotain/utils": 10.5.0
    lodash: 4.17.21
    regexp-to-ast: 0.5.0
  checksum: b641f149f60979a29eff2434d745e9565a7c89422b601d554bcf8f047f7d8ff776b9a54b1b36085a622e3f1ed7eb4b8721b5a5348d90ae2567ce7594b10f25aa
  languageName: node
  linkType: hard

"csstype@npm:^3.0.2":
  version: 3.1.2
  resolution: "csstype@npm:3.1.2"
  checksum: e1a52e6c25c1314d6beef5168da704ab29c5186b877c07d822bd0806717d9a265e8493a2e35ca7e68d0f5d472d43fac1cdce70fd79fd0853dff81f3028d857b5
  languageName: node
  linkType: hard

"debounce@npm:^1.2.1":
  version: 1.2.1
  resolution: "debounce@npm:1.2.1"
  checksum: 682a89506d9e54fb109526f4da255c5546102fbb8e3ae75eef3b04effaf5d4853756aee97475cd4650641869794e44f410eeb20ace2b18ea592287ab2038519e
  languageName: node
  linkType: hard

"detect-gpu@npm:^5.0.28":
  version: 5.0.36
  resolution: "detect-gpu@npm:5.0.36"
  dependencies:
    webgl-constants: ^1.1.1
  checksum: c47435a258fe86a311becf31590760ca6882f95eee5dd7ad974703dbea95aab6e48741a4b07dcfdac91bc36220eb600dc1f9a1eda3bf46d23c3c34a338501cc3
  languageName: node
  linkType: hard

"draco3d@npm:^1.4.1":
  version: 1.5.6
  resolution: "draco3d@npm:1.5.6"
  checksum: ae1080c02c5bb95b3e4ce6bbd2b8c61a30e44ccc421648acdf5d261c3eb980210d7da2a562b2009bcf782d5193cbafc722e153ba8aafbaf30a072946007d2183
  languageName: node
  linkType: hard

"fflate@npm:^0.6.9":
  version: 0.6.10
  resolution: "fflate@npm:0.6.10"
  checksum: 96384bc4090987fe565c0de8204e3830f538144ec950576fea50aee1b42adbe9fc3ed5e7905dfa7979faaa20979def330dbebce548f3dcafc3e118cc9838526d
  languageName: node
  linkType: hard

"glsl-noise@npm:^0.0.0":
  version: 0.0.0
  resolution: "glsl-noise@npm:0.0.0"
  checksum: 07986663451963c90f8177f0a7d79a897ce27ad47841bfae6833647803ce7b8b65c8c18b8aecc576f1fc8e67ae6c8b5e5e1501b604cf3b1e9855c639e739e2c3
  languageName: node
  linkType: hard

"its-fine@npm:^1.0.6":
  version: 1.1.1
  resolution: "its-fine@npm:1.1.1"
  dependencies:
    "@types/react-reconciler": ^0.28.0
  peerDependencies:
    react: ">=18.0"
  checksum: abf9e98d406192291dc786a8ab90f0debf741d619d9878c40b7ccd5fbd98875ddfcadff780f2967200156347b5682fcf03df7a054c6dcea4be68b1ab7586b790
  languageName: node
  linkType: hard

"js-tokens@npm:^3.0.0 || ^4.0.0":
  version: 4.0.0
  resolution: "js-tokens@npm:4.0.0"
  checksum: 8a95213a5a77deb6cbe94d86340e8d9ace2b93bc367790b260101d2f36a2eaf4e4e22d9fa9cf459b38af3a32fb4190e638024cf82ec95ef708680e405ea7cc78
  languageName: node
  linkType: hard

"ktx-parse@npm:^0.4.5":
  version: 0.4.5
  resolution: "ktx-parse@npm:0.4.5"
  checksum: f82d8b5dfd0ede05d5e4a2d90ad5114c83d8f708431e3fce2c3e6e0a0e1fe1b1649cb6f3de35b429ef636ce9a92a3897295198e94b46bba24bc3268c6ae9cc42
  languageName: node
  linkType: hard

"lodash.clamp@npm:^4.0.3":
  version: 4.0.3
  resolution: "lodash.clamp@npm:4.0.3"
  checksum: 02baa03ebb96f2ce8d9cec28b21fa3ed808c32f3b8fe54e2f990f1177779b13dcda69232db72d7285763e14a0ee64666a82a2047558eaba7198580173756c888
  languageName: node
  linkType: hard

"lodash.omit@npm:^4.5.0":
  version: 4.5.0
  resolution: "lodash.omit@npm:4.5.0"
  checksum: 434645e49fe84ab315719bd5a9a3a585a0f624aa4160bc09157dd041a414bcc287c15840365c1379476a3f3eda41fbe838976c3f7bdecbbf4c5478e86c471a30
  languageName: node
  linkType: hard

"lodash.pick@npm:^4.4.0":
  version: 4.4.0
  resolution: "lodash.pick@npm:4.4.0"
  checksum: 2c36cab7da6b999a20bd3373b40e31a3ef81fa264f34a6979c852c5bc8ac039379686b27380f0cb8e3781610844fafec6949c6fbbebc059c98f8fa8570e3675f
  languageName: node
  linkType: hard

"lodash@npm:4.17.21":
  version: 4.17.21
  resolution: "lodash@npm:4.17.21"
  checksum: eb835a2e51d381e561e508ce932ea50a8e5a68f4ebdd771ea240d3048244a8d13658acbd502cd4829768c56f2e16bdd4340b9ea141297d472517b83868e677f7
  languageName: node
  linkType: hard

"loose-envify@npm:^1.1.0, loose-envify@npm:^1.4.0":
  version: 1.4.0
  resolution: "loose-envify@npm:1.4.0"
  dependencies:
    js-tokens: ^3.0.0 || ^4.0.0
  bin:
    loose-envify: cli.js
  checksum: 6517e24e0cad87ec9888f500c5b5947032cdfe6ef65e1c1936a0c48a524b81e65542c9c3edc91c97d5bddc806ee2a985dbc79be89215d613b1de5db6d1cfe6f4
  languageName: node
  linkType: hard

"maath@npm:^0.6.0":
  version: 0.6.0
  resolution: "maath@npm:0.6.0"
  peerDependencies:
    "@types/three": ">=0.144.0"
    three: ">=0.144.0"
  checksum: 6b8da7789f5607f77030bac5cdc50697fe81ac3bd0939883430f33340768ccf0e5528465b039d8328181bfb9e966d2ad60f694c45825b7d6be944f3f735c5023
  languageName: node
  linkType: hard

"meshline@npm:^3.1.6":
  version: 3.1.6
  resolution: "meshline@npm:3.1.6"
  peerDependencies:
    three: ">=0.137"
  checksum: 72b79908315650a57b5c97b846191ab73d1ee1551211154283a951eac7b08f9129adb6ce1b84d887b30b47617a52ff0878f9695037491c4d8350712c6655489a
  languageName: node
  linkType: hard

"mmd-parser@npm:^1.0.4":
  version: 1.0.4
  resolution: "mmd-parser@npm:1.0.4"
  checksum: 892cc317598440c43919250ec95aec26349db977e64bbe37d0fa8d6a8076e190105e5e687221225dd9afa8937d9d2d06ddab77586c2bc4781cb6855a2938d95b
  languageName: node
  linkType: hard

"object-assign@npm:^4.1.1":
  version: 4.1.1
  resolution: "object-assign@npm:4.1.1"
  checksum: fcc6e4ea8c7fe48abfbb552578b1c53e0d194086e2e6bbbf59e0a536381a292f39943c6e9628af05b5528aa5e3318bb30d6b2e53cadaf5b8fe9e12c4b69af23f
  languageName: node
  linkType: hard

"opentype.js@npm:^1.3.3":
  version: 1.3.4
  resolution: "opentype.js@npm:1.3.4"
  dependencies:
    string.prototype.codepointat: ^0.2.1
    tiny-inflate: ^1.0.3
  bin:
    ot: bin/ot
  checksum: 365af0f9a8bd87b772c794502a9e53a6d286faf2bafda51f3016acab21bd6202a0d6a1260d7b71f1d6ad8076ccedfe84f76bd6aabb14704ce42ac9a9f96bae21
  languageName: node
  linkType: hard

"potpack@npm:^1.0.1":
  version: 1.0.2
  resolution: "potpack@npm:1.0.2"
  checksum: 9dfdbbce012ce80842249abcdd89e20222eb8ae96beba8d578b7e41e78feefc7e33b5c72d46fb8dd3a1e382cb4da9c34574764d88aa8849ab36f542fd2088b42
  languageName: node
  linkType: hard

"prop-types@npm:^15.6.0":
  version: 15.8.1
  resolution: "prop-types@npm:15.8.1"
  dependencies:
    loose-envify: ^1.4.0
    object-assign: ^4.1.1
    react-is: ^16.13.1
  checksum: c056d3f1c057cb7ff8344c645450e14f088a915d078dcda795041765047fa080d38e5d626560ccaac94a4e16e3aa15f3557c1a9a8d1174530955e992c675e459
  languageName: node
  linkType: hard

"react-composer@npm:^5.0.3":
  version: 5.0.3
  resolution: "react-composer@npm:5.0.3"
  dependencies:
    prop-types: ^15.6.0
  peerDependencies:
    react: ^15.0.0 || ^16.0.0 || ^17.0.0 || ^18.0.0
  checksum: ef7c52dc61588233ec7f70b3bae8a2325562e2eff3648e7bc6962162568c36d7e27f165d4639f8bfa18fadb09585577858e35273ce0039ac02e87c9debfd268e
  languageName: node
  linkType: hard

"react-dom@npm:^18.2.0":
  version: 18.2.0
  resolution: "react-dom@npm:18.2.0"
  dependencies:
    loose-envify: ^1.1.0
    scheduler: ^0.23.0
  peerDependencies:
    react: ^18.2.0
  checksum: 7d323310bea3a91be2965f9468d552f201b1c27891e45ddc2d6b8f717680c95a75ae0bc1e3f5cf41472446a2589a75aed4483aee8169287909fcd59ad149e8cc
  languageName: node
  linkType: hard

"react-is@npm:^16.13.1":
  version: 16.13.1
  resolution: "react-is@npm:16.13.1"
  checksum: f7a19ac3496de32ca9ae12aa030f00f14a3d45374f1ceca0af707c831b2a6098ef0d6bdae51bd437b0a306d7f01d4677fcc8de7c0d331eb47ad0f46130e53c5f
  languageName: node
  linkType: hard

"react-merge-refs@npm:^1.1.0":
  version: 1.1.0
  resolution: "react-merge-refs@npm:1.1.0"
  checksum: 90884352999002d868ab9f1bcfe3222fb0f2178ed629f1da7e98e5a9b02a2c96b4aa72800db92aabd69d2483211b4be57a2088e89a11a0b660e7ada744d4ddf7
  languageName: node
  linkType: hard

"react-reconciler@npm:^0.27.0":
  version: 0.27.0
  resolution: "react-reconciler@npm:0.27.0"
  dependencies:
    loose-envify: ^1.1.0
    scheduler: ^0.21.0
  peerDependencies:
    react: ^18.0.0
  checksum: c2ae111f150c2a46970182df12ea8254719fdfec5e26574711b1838fc37863c63671460a351570fd359c088d891e7bb0ff89023c2f7c1582393b57dd517b92c2
  languageName: node
  linkType: hard

"react-use-measure@npm:^2.1.1":
  version: 2.1.1
  resolution: "react-use-measure@npm:2.1.1"
  dependencies:
    debounce: ^1.2.1
  peerDependencies:
    react: ">=16.13"
    react-dom: ">=16.13"
  checksum: b8e8939229d463c3c505f7b617925c0228efae0cd6f651371f463846417b06c9170be57df51293a61027c41770f8a090fdb8a08717c4e36290ccb496e0318f1f
  languageName: node
  linkType: hard

"react@npm:^18.2.0":
  version: 18.2.0
  resolution: "react@npm:18.2.0"
  dependencies:
    loose-envify: ^1.1.0
  checksum: 88e38092da8839b830cda6feef2e8505dec8ace60579e46aa5490fc3dc9bba0bd50336507dc166f43e3afc1c42939c09fe33b25fae889d6f402721dcd78fca1b
  languageName: node
  linkType: hard

"regenerator-runtime@npm:^0.14.0":
  version: 0.14.0
  resolution: "regenerator-runtime@npm:0.14.0"
  checksum: 1c977ad82a82a4412e4f639d65d22be376d3ebdd30da2c003eeafdaaacd03fc00c2320f18120007ee700900979284fc78a9f00da7fb593f6e6eeebc673fba9a3
  languageName: node
  linkType: hard

"regexp-to-ast@npm:0.5.0":
  version: 0.5.0
  resolution: "regexp-to-ast@npm:0.5.0"
  checksum: 72e32f2a1217bb22398ac30867ddd43e16943b6b569dd4eb472de47494c7a39e34f47ee3e92ad4cbf92308f98997da366fe094a0e58eb6b93eab0ee956fff86d
  languageName: node
  linkType: hard

"require-from-string@npm:^2.0.2":
  version: 2.0.2
  resolution: "require-from-string@npm:2.0.2"
  checksum: a03ef6895445f33a4015300c426699bc66b2b044ba7b670aa238610381b56d3f07c686251740d575e22f4c87531ba662d06937508f0f3c0f1ddc04db3130560b
  languageName: node
  linkType: hard

"scheduler@npm:^0.21.0":
  version: 0.21.0
  resolution: "scheduler@npm:0.21.0"
  dependencies:
    loose-envify: ^1.1.0
  checksum: 4f8285076041ed2c81acdd1faa987f1655fdbd30554bc667c1ea64743fc74fb3a04ca7d27454b3d678735df5a230137a3b84756061b43dc5796e80701b66d124
  languageName: node
  linkType: hard

"scheduler@npm:^0.23.0":
  version: 0.23.0
  resolution: "scheduler@npm:0.23.0"
  dependencies:
    loose-envify: ^1.1.0
  checksum: d79192eeaa12abef860c195ea45d37cbf2bbf5f66e3c4dcd16f54a7da53b17788a70d109ee3d3dde1a0fd50e6a8fc171f4300356c5aee4fc0171de526bf35f8a
  languageName: node
  linkType: hard

"stats-gl@npm:^1.0.4":
  version: 1.0.4
  resolution: "stats-gl@npm:1.0.4"
  checksum: c393c3047d93b8caeca9f95f1e62ff1eb61d722e4da652d0de78282f9317f751ec9d7edda150fc0b543658690522f7d366b54d29182cae0fa571bb956a3591bc
  languageName: node
  linkType: hard

"stats.js@npm:^0.17.0":
  version: 0.17.0
  resolution: "stats.js@npm:0.17.0"
  checksum: 62d55d9e28e701f5638eac312ab45f66da8cc14b43d4eba4d3ab5a26f444a91d3e0dd1f52e8fc182b03cae955dae4af471d54f1975525cc1e47dfa89a54a47c6
  languageName: node
  linkType: hard

"string.prototype.codepointat@npm:^0.2.1":
  version: 0.2.1
  resolution: "string.prototype.codepointat@npm:0.2.1"
  checksum: bafa15844d7ea5bed24a01fa8954327c0c49226cefe68ab70573f1338f6a4680587db962724924f2cceb91abe408e11bd38c80095f25ee080f136a6c9d300f00
  languageName: node
  linkType: hard

"suspend-react@npm:^0.1.3":
  version: 0.1.3
  resolution: "suspend-react@npm:0.1.3"
  peerDependencies:
    react: ">=17.0"
  checksum: 280de571d33ffe825bb28fab25e81272b396c3295d91f50ac48b6a3777830035fa40909015dfaef17e34b9ad4ce15fcb4d73cc59530d4bc82490471322f7dbbe
  languageName: node
  linkType: hard

"three-mesh-bvh@npm:^0.6.0":
  version: 0.6.3
  resolution: "three-mesh-bvh@npm:0.6.3"
  peerDependencies:
    three: ">= 0.151.0"
  checksum: 4d5b437d0f67f3904329795fdf8a9f9d7bf28bafebd07e78e4fd43ce053d1a21cc3e97886941a0804733b9b5fa7510e198ea99632c2e3965fe87d79c5a7fa704
  languageName: node
  linkType: hard

"three-stdlib@npm:^2.23.9":
  version: 2.24.2
  resolution: "three-stdlib@npm:2.24.2"
  dependencies:
    "@types/draco3d": ^1.4.0
    "@types/offscreencanvas": ^2019.6.4
    "@types/webxr": ^0.5.2
    chevrotain: ^10.1.2
    draco3d: ^1.4.1
    fflate: ^0.6.9
    ktx-parse: ^0.4.5
    mmd-parser: ^1.0.4
    opentype.js: ^1.3.3
    potpack: ^1.0.1
    zstddec: ^0.0.2
  peerDependencies:
    three: ">=0.128.0"
  checksum: 6c8963180dad0c31a6f6ea6cdce4a29d4419778b09374581e1ffc15e8d8b03c05b8c56d3a35416088c6ac7045966c9a9f67ede975a774ed0aed1feff95285df3
  languageName: node
  linkType: hard

"three@npm:^0.155.0":
  version: 0.155.0
  resolution: "three@npm:0.155.0"
  checksum: 55de8af716686be2159b2ff407501ce2e6418b7d16a8dc57f3dcf9f08c4a6bedf0623fa8ddb67c1ae6f679d7ca53cfa0c64bab6b0577d6c467618389d5561211
  languageName: node
  linkType: hard

"tiny-inflate@npm:^1.0.3":
  version: 1.0.3
  resolution: "tiny-inflate@npm:1.0.3"
  checksum: 4086a1f8938dafa4a20c63b099aeb47bf8fef5aca991bf4ea4b35dd2684fa52363b2c19b3e76660311e7613cb7c4f063bc48751b9bdf9555e498d997c30bc2d6
  languageName: node
  linkType: hard

"troika-three-text@npm:^0.47.2":
  version: 0.47.2
  resolution: "troika-three-text@npm:0.47.2"
  dependencies:
    bidi-js: ^1.0.2
    troika-three-utils: ^0.47.2
    troika-worker-utils: ^0.47.2
    webgl-sdf-generator: 1.1.1
  peerDependencies:
    three: ">=0.125.0"
  checksum: ca93784f214d373496f371108e3e08d9ff29e98ee6355fccc9b4d0b06f9bba8dc80155f69967e5ec6e7f60ff25f900fcfafe26a94811e0b1e430f4662550287a
  languageName: node
  linkType: hard

"troika-three-utils@npm:^0.47.2":
  version: 0.47.2
  resolution: "troika-three-utils@npm:0.47.2"
  peerDependencies:
    three: ">=0.125.0"
  checksum: e3a5d5edb2ed0d1889cd8a1d08da3e69ca7978fab86b107863d0dd9de752756a233c48fbae27410090e95d9c1fff4cabf34441338134a554e38c90a9c056e455
  languageName: node
  linkType: hard

"troika-worker-utils@npm:^0.47.2":
  version: 0.47.2
  resolution: "troika-worker-utils@npm:0.47.2"
  checksum: 67cfd8ac77bc8dd8d9543108b9cac6c36549b626e0624298c7058845eff415c9c5e4480c7e095e39a29051b59d495b10befcc38a95e5644577132a9bdad51a3a
  languageName: node
  linkType: hard

"utility-types@npm:^3.10.0":
  version: 3.10.0
  resolution: "utility-types@npm:3.10.0"
  checksum: 8f274415c6196ab62883b8bd98c9d2f8829b58016e4269aaa1ebd84184ac5dda7dc2ca45800c0d5e0e0650966ba063bf9a412aaeaea6850ca4440a391283d5c8
  languageName: node
  linkType: hard

"webgl-constants@npm:^1.1.1":
  version: 1.1.1
  resolution: "webgl-constants@npm:1.1.1"
  checksum: b40091528a1c30ff9b2413f97a67b98be720f76629fe105f05e955f33ed440d441dd69de4d7cf46d27ca9d74bcc6218809ae9a2a90557aa5963e78d11c1b39a5
  languageName: node
  linkType: hard

"webgl-sdf-generator@npm:1.1.1":
  version: 1.1.1
  resolution: "webgl-sdf-generator@npm:1.1.1"
  checksum: babf69e99ca22e8ff387bbe50a10519969ea8030d302d5ddf509ff15355e2981edf72edfcc1b29fed78fa73a79a2458c391b1ba7c9ada63ac5be665880ec5de0
  languageName: node
  linkType: hard

"zstddec@npm:^0.0.2":
  version: 0.0.2
  resolution: "zstddec@npm:0.0.2"
  checksum: 107334442a34590173cda03614006337712658fd043fa79f72bd486de527e2a16da474d7b20d4a171f086b334c2ad8a72afb634776d79bc2c36aee065babe31b
  languageName: node
  linkType: hard

"zustand@npm:^3.5.13, zustand@npm:^3.7.1":
  version: 3.7.2
  resolution: "zustand@npm:3.7.2"
  peerDependencies:
    react: ">=16.8"
  peerDependenciesMeta:
    react:
      optional: true
  checksum: 18f025b1b666a311121d3855303ff58e6a21fd107920ca474307e86984c13338d6c4cfa5cdf13382a9e0f76821f2554a12d4d200a98a66b58637e729f149797b
  languageName: node
  linkType: hard
