# This file is generated by running "yarn install" inside your project.
# Manual changes might be lost - proceed with caution!

__metadata:
  version: 6
  cacheKey: 8

"@babel/runtime@npm:^7.17.8":
  version: 7.22.10
  resolution: "@babel/runtime@npm:7.22.10"
  dependencies:
    regenerator-runtime: ^0.14.0
  checksum: 524d41517e68953dbc73a4f3616b8475e5813f64e28ba89ff5fca2c044d535c2ea1a3f310df1e5bb06162e1f0b401b5c4af73fe6e2519ca2450d9d8c44cf268d
  languageName: node
  linkType: hard

"@esbuild/android-arm64@npm:0.19.0":
  version: 0.19.0
  resolution: "@esbuild/android-arm64@npm:0.19.0"
  conditions: os=android & cpu=arm64
  languageName: node
  linkType: hard

"@esbuild/android-arm@npm:0.19.0":
  version: 0.19.0
  resolution: "@esbuild/android-arm@npm:0.19.0"
  conditions: os=android & cpu=arm
  languageName: node
  linkType: hard

"@esbuild/android-x64@npm:0.19.0":
  version: 0.19.0
  resolution: "@esbuild/android-x64@npm:0.19.0"
  conditions: os=android & cpu=x64
  languageName: node
  linkType: hard

"@esbuild/darwin-arm64@npm:0.19.0":
  version: 0.19.0
  resolution: "@esbuild/darwin-arm64@npm:0.19.0"
  conditions: os=darwin & cpu=arm64
  languageName: node
  linkType: hard

"@esbuild/darwin-x64@npm:0.19.0":
  version: 0.19.0
  resolution: "@esbuild/darwin-x64@npm:0.19.0"
  conditions: os=darwin & cpu=x64
  languageName: node
  linkType: hard

"@esbuild/freebsd-arm64@npm:0.19.0":
  version: 0.19.0
  resolution: "@esbuild/freebsd-arm64@npm:0.19.0"
  conditions: os=freebsd & cpu=arm64
  languageName: node
  linkType: hard

"@esbuild/freebsd-x64@npm:0.19.0":
  version: 0.19.0
  resolution: "@esbuild/freebsd-x64@npm:0.19.0"
  conditions: os=freebsd & cpu=x64
  languageName: node
  linkType: hard

"@esbuild/linux-arm64@npm:0.19.0":
  version: 0.19.0
  resolution: "@esbuild/linux-arm64@npm:0.19.0"
  conditions: os=linux & cpu=arm64
  languageName: node
  linkType: hard

"@esbuild/linux-arm@npm:0.19.0":
  version: 0.19.0
  resolution: "@esbuild/linux-arm@npm:0.19.0"
  conditions: os=linux & cpu=arm
  languageName: node
  linkType: hard

"@esbuild/linux-ia32@npm:0.19.0":
  version: 0.19.0
  resolution: "@esbuild/linux-ia32@npm:0.19.0"
  conditions: os=linux & cpu=ia32
  languageName: node
  linkType: hard

"@esbuild/linux-loong64@npm:0.19.0":
  version: 0.19.0
  resolution: "@esbuild/linux-loong64@npm:0.19.0"
  conditions: os=linux & cpu=loong64
  languageName: node
  linkType: hard

"@esbuild/linux-mips64el@npm:0.19.0":
  version: 0.19.0
  resolution: "@esbuild/linux-mips64el@npm:0.19.0"
  conditions: os=linux & cpu=mips64el
  languageName: node
  linkType: hard

"@esbuild/linux-ppc64@npm:0.19.0":
  version: 0.19.0
  resolution: "@esbuild/linux-ppc64@npm:0.19.0"
  conditions: os=linux & cpu=ppc64
  languageName: node
  linkType: hard

"@esbuild/linux-riscv64@npm:0.19.0":
  version: 0.19.0
  resolution: "@esbuild/linux-riscv64@npm:0.19.0"
  conditions: os=linux & cpu=riscv64
  languageName: node
  linkType: hard

"@esbuild/linux-s390x@npm:0.19.0":
  version: 0.19.0
  resolution: "@esbuild/linux-s390x@npm:0.19.0"
  conditions: os=linux & cpu=s390x
  languageName: node
  linkType: hard

"@esbuild/linux-x64@npm:0.19.0":
  version: 0.19.0
  resolution: "@esbuild/linux-x64@npm:0.19.0"
  conditions: os=linux & cpu=x64
  languageName: node
  linkType: hard

"@esbuild/netbsd-x64@npm:0.19.0":
  version: 0.19.0
  resolution: "@esbuild/netbsd-x64@npm:0.19.0"
  conditions: os=netbsd & cpu=x64
  languageName: node
  linkType: hard

"@esbuild/openbsd-x64@npm:0.19.0":
  version: 0.19.0
  resolution: "@esbuild/openbsd-x64@npm:0.19.0"
  conditions: os=openbsd & cpu=x64
  languageName: node
  linkType: hard

"@esbuild/sunos-x64@npm:0.19.0":
  version: 0.19.0
  resolution: "@esbuild/sunos-x64@npm:0.19.0"
  conditions: os=sunos & cpu=x64
  languageName: node
  linkType: hard

"@esbuild/win32-arm64@npm:0.19.0":
  version: 0.19.0
  resolution: "@esbuild/win32-arm64@npm:0.19.0"
  conditions: os=win32 & cpu=arm64
  languageName: node
  linkType: hard

"@esbuild/win32-ia32@npm:0.19.0":
  version: 0.19.0
  resolution: "@esbuild/win32-ia32@npm:0.19.0"
  conditions: os=win32 & cpu=ia32
  languageName: node
  linkType: hard

"@esbuild/win32-x64@npm:0.19.0":
  version: 0.19.0
  resolution: "@esbuild/win32-x64@npm:0.19.0"
  conditions: os=win32 & cpu=x64
  languageName: node
  linkType: hard

"@react-three/fiber@npm:^8.13.6":
  version: 8.13.6
  resolution: "@react-three/fiber@npm:8.13.6"
  dependencies:
    "@babel/runtime": ^7.17.8
    "@types/react-reconciler": ^0.26.7
    its-fine: ^1.0.6
    react-reconciler: ^0.27.0
    react-use-measure: ^2.1.1
    scheduler: ^0.21.0
    suspend-react: ^0.1.3
    zustand: ^3.7.1
  peerDependencies:
    expo: ">=43.0"
    expo-asset: ">=8.4"
    expo-gl: ">=11.0"
    react: ">=18.0"
    react-dom: ">=18.0"
    react-native: ">=0.64"
    three: ">=0.133"
  peerDependenciesMeta:
    expo:
      optional: true
    expo-asset:
      optional: true
    expo-gl:
      optional: true
    react-dom:
      optional: true
    react-native:
      optional: true
  checksum: b7ad58c20f1c2193b57425f8cbe6614797b62668744ab164922250a954a18720fa1d3c0bca4152a4577651e49b07b72fdcd28c05c310773e72ac62d6674764b9
  languageName: node
  linkType: hard

"@types/prop-types@npm:*":
  version: 15.7.5
  resolution: "@types/prop-types@npm:15.7.5"
  checksum: 5b43b8b15415e1f298243165f1d44390403bb2bd42e662bca3b5b5633fdd39c938e91b7fce3a9483699db0f7a715d08cef220c121f723a634972fdf596aec980
  languageName: node
  linkType: hard

"@types/react-reconciler@npm:^0.26.7":
  version: 0.26.7
  resolution: "@types/react-reconciler@npm:0.26.7"
  dependencies:
    "@types/react": "*"
  checksum: 4122d2b08580f775d0aeae9bd10b68248f894096ed14c0ebbc143ef712e21b159e89d0c628bd95dd3329947fc1ee94a0cb1d2d32b32b1d5d225e70030e91e58f
  languageName: node
  linkType: hard

"@types/react-reconciler@npm:^0.28.0":
  version: 0.28.2
  resolution: "@types/react-reconciler@npm:0.28.2"
  dependencies:
    "@types/react": "*"
  checksum: 9720f76a334ce4f25205d5bb72303a04f458bb2981cb9bd7f9ed0c16513f6c6ab809099bb5f46dc13e443d4c54e3a77a6038316a127a4dc844db2273f287a669
  languageName: node
  linkType: hard

"@types/react@npm:*":
  version: 18.2.20
  resolution: "@types/react@npm:18.2.20"
  dependencies:
    "@types/prop-types": "*"
    "@types/scheduler": "*"
    csstype: ^3.0.2
  checksum: 30f699c60e5e4bfef273ce64d320651cdd60f5c6a08361c6c7eca8cebcccda1ac953d2ee57c9f321b5ae87f8a62c72b6d35ca42df0e261d337849952daab2141
  languageName: node
  linkType: hard

"@types/scheduler@npm:*":
  version: 0.16.3
  resolution: "@types/scheduler@npm:0.16.3"
  checksum: 2b0aec39c24268e3ce938c5db2f2e77f5c3dd280e05c262d9c2fe7d890929e4632a6b8e94334017b66b45e4f92a5aa42ba3356640c2a1175fa37bef2f5200767
  languageName: node
  linkType: hard

"Keyfall@workspace:.":
  version: 0.0.0-use.local
  resolution: "Keyfall@workspace:."
  dependencies:
    "@react-three/fiber": ^8.13.6
    esbuild: ^0.19.0
    react: ^18.2.0
    react-dom: ^18.2.0
    three: ^0.155.0
  languageName: unknown
  linkType: soft

"csstype@npm:^3.0.2":
  version: 3.1.2
  resolution: "csstype@npm:3.1.2"
  checksum: e1a52e6c25c1314d6beef5168da704ab29c5186b877c07d822bd0806717d9a265e8493a2e35ca7e68d0f5d472d43fac1cdce70fd79fd0853dff81f3028d857b5
  languageName: node
  linkType: hard

"debounce@npm:^1.2.1":
  version: 1.2.1
  resolution: "debounce@npm:1.2.1"
  checksum: 682a89506d9e54fb109526f4da255c5546102fbb8e3ae75eef3b04effaf5d4853756aee97475cd4650641869794e44f410eeb20ace2b18ea592287ab2038519e
  languageName: node
  linkType: hard

"esbuild@npm:^0.19.0":
  version: 0.19.0
  resolution: "esbuild@npm:0.19.0"
  dependencies:
    "@esbuild/android-arm": 0.19.0
    "@esbuild/android-arm64": 0.19.0
    "@esbuild/android-x64": 0.19.0
    "@esbuild/darwin-arm64": 0.19.0
    "@esbuild/darwin-x64": 0.19.0
    "@esbuild/freebsd-arm64": 0.19.0
    "@esbuild/freebsd-x64": 0.19.0
    "@esbuild/linux-arm": 0.19.0
    "@esbuild/linux-arm64": 0.19.0
    "@esbuild/linux-ia32": 0.19.0
    "@esbuild/linux-loong64": 0.19.0
    "@esbuild/linux-mips64el": 0.19.0
    "@esbuild/linux-ppc64": 0.19.0
    "@esbuild/linux-riscv64": 0.19.0
    "@esbuild/linux-s390x": 0.19.0
    "@esbuild/linux-x64": 0.19.0
    "@esbuild/netbsd-x64": 0.19.0
    "@esbuild/openbsd-x64": 0.19.0
    "@esbuild/sunos-x64": 0.19.0
    "@esbuild/win32-arm64": 0.19.0
    "@esbuild/win32-ia32": 0.19.0
    "@esbuild/win32-x64": 0.19.0
  dependenciesMeta:
    "@esbuild/android-arm":
      optional: true
    "@esbuild/android-arm64":
      optional: true
    "@esbuild/android-x64":
      optional: true
    "@esbuild/darwin-arm64":
      optional: true
    "@esbuild/darwin-x64":
      optional: true
    "@esbuild/freebsd-arm64":
      optional: true
    "@esbuild/freebsd-x64":
      optional: true
    "@esbuild/linux-arm":
      optional: true
    "@esbuild/linux-arm64":
      optional: true
    "@esbuild/linux-ia32":
      optional: true
    "@esbuild/linux-loong64":
      optional: true
    "@esbuild/linux-mips64el":
      optional: true
    "@esbuild/linux-ppc64":
      optional: true
    "@esbuild/linux-riscv64":
      optional: true
    "@esbuild/linux-s390x":
      optional: true
    "@esbuild/linux-x64":
      optional: true
    "@esbuild/netbsd-x64":
      optional: true
    "@esbuild/openbsd-x64":
      optional: true
    "@esbuild/sunos-x64":
      optional: true
    "@esbuild/win32-arm64":
      optional: true
    "@esbuild/win32-ia32":
      optional: true
    "@esbuild/win32-x64":
      optional: true
  bin:
    esbuild: bin/esbuild
  checksum: 77ef2e57a94d1b88657fb6cd79c3ad6e3161823fd1b615f2ce4b71f163755b85e98cb5b565ed6c38db1f788c52c092b5534caa6800178de99a25de0671f92186
  languageName: node
  linkType: hard

"its-fine@npm:^1.0.6":
  version: 1.1.1
  resolution: "its-fine@npm:1.1.1"
  dependencies:
    "@types/react-reconciler": ^0.28.0
  peerDependencies:
    react: ">=18.0"
  checksum: abf9e98d406192291dc786a8ab90f0debf741d619d9878c40b7ccd5fbd98875ddfcadff780f2967200156347b5682fcf03df7a054c6dcea4be68b1ab7586b790
  languageName: node
  linkType: hard

"js-tokens@npm:^3.0.0 || ^4.0.0":
  version: 4.0.0
  resolution: "js-tokens@npm:4.0.0"
  checksum: 8a95213a5a77deb6cbe94d86340e8d9ace2b93bc367790b260101d2f36a2eaf4e4e22d9fa9cf459b38af3a32fb4190e638024cf82ec95ef708680e405ea7cc78
  languageName: node
  linkType: hard

"loose-envify@npm:^1.1.0":
  version: 1.4.0
  resolution: "loose-envify@npm:1.4.0"
  dependencies:
    js-tokens: ^3.0.0 || ^4.0.0
  bin:
    loose-envify: cli.js
  checksum: 6517e24e0cad87ec9888f500c5b5947032cdfe6ef65e1c1936a0c48a524b81e65542c9c3edc91c97d5bddc806ee2a985dbc79be89215d613b1de5db6d1cfe6f4
  languageName: node
  linkType: hard

"react-dom@npm:^18.2.0":
  version: 18.2.0
  resolution: "react-dom@npm:18.2.0"
  dependencies:
    loose-envify: ^1.1.0
    scheduler: ^0.23.0
  peerDependencies:
    react: ^18.2.0
  checksum: 7d323310bea3a91be2965f9468d552f201b1c27891e45ddc2d6b8f717680c95a75ae0bc1e3f5cf41472446a2589a75aed4483aee8169287909fcd59ad149e8cc
  languageName: node
  linkType: hard

"react-reconciler@npm:^0.27.0":
  version: 0.27.0
  resolution: "react-reconciler@npm:0.27.0"
  dependencies:
    loose-envify: ^1.1.0
    scheduler: ^0.21.0
  peerDependencies:
    react: ^18.0.0
  checksum: c2ae111f150c2a46970182df12ea8254719fdfec5e26574711b1838fc37863c63671460a351570fd359c088d891e7bb0ff89023c2f7c1582393b57dd517b92c2
  languageName: node
  linkType: hard

"react-use-measure@npm:^2.1.1":
  version: 2.1.1
  resolution: "react-use-measure@npm:2.1.1"
  dependencies:
    debounce: ^1.2.1
  peerDependencies:
    react: ">=16.13"
    react-dom: ">=16.13"
  checksum: b8e8939229d463c3c505f7b617925c0228efae0cd6f651371f463846417b06c9170be57df51293a61027c41770f8a090fdb8a08717c4e36290ccb496e0318f1f
  languageName: node
  linkType: hard

"react@npm:^18.2.0":
  version: 18.2.0
  resolution: "react@npm:18.2.0"
  dependencies:
    loose-envify: ^1.1.0
  checksum: 88e38092da8839b830cda6feef2e8505dec8ace60579e46aa5490fc3dc9bba0bd50336507dc166f43e3afc1c42939c09fe33b25fae889d6f402721dcd78fca1b
  languageName: node
  linkType: hard

"regenerator-runtime@npm:^0.14.0":
  version: 0.14.0
  resolution: "regenerator-runtime@npm:0.14.0"
  checksum: 1c977ad82a82a4412e4f639d65d22be376d3ebdd30da2c003eeafdaaacd03fc00c2320f18120007ee700900979284fc78a9f00da7fb593f6e6eeebc673fba9a3
  languageName: node
  linkType: hard

"scheduler@npm:^0.21.0":
  version: 0.21.0
  resolution: "scheduler@npm:0.21.0"
  dependencies:
    loose-envify: ^1.1.0
  checksum: 4f8285076041ed2c81acdd1faa987f1655fdbd30554bc667c1ea64743fc74fb3a04ca7d27454b3d678735df5a230137a3b84756061b43dc5796e80701b66d124
  languageName: node
  linkType: hard

"scheduler@npm:^0.23.0":
  version: 0.23.0
  resolution: "scheduler@npm:0.23.0"
  dependencies:
    loose-envify: ^1.1.0
  checksum: d79192eeaa12abef860c195ea45d37cbf2bbf5f66e3c4dcd16f54a7da53b17788a70d109ee3d3dde1a0fd50e6a8fc171f4300356c5aee4fc0171de526bf35f8a
  languageName: node
  linkType: hard

"suspend-react@npm:^0.1.3":
  version: 0.1.3
  resolution: "suspend-react@npm:0.1.3"
  peerDependencies:
    react: ">=17.0"
  checksum: 280de571d33ffe825bb28fab25e81272b396c3295d91f50ac48b6a3777830035fa40909015dfaef17e34b9ad4ce15fcb4d73cc59530d4bc82490471322f7dbbe
  languageName: node
  linkType: hard

"three@npm:^0.155.0":
  version: 0.155.0
  resolution: "three@npm:0.155.0"
  checksum: 55de8af716686be2159b2ff407501ce2e6418b7d16a8dc57f3dcf9f08c4a6bedf0623fa8ddb67c1ae6f679d7ca53cfa0c64bab6b0577d6c467618389d5561211
  languageName: node
  linkType: hard

"zustand@npm:^3.7.1":
  version: 3.7.2
  resolution: "zustand@npm:3.7.2"
  peerDependencies:
    react: ">=16.8"
  peerDependenciesMeta:
    react:
      optional: true
  checksum: 18f025b1b666a311121d3855303ff58e6a21fd107920ca474307e86984c13338d6c4cfa5cdf13382a9e0f76821f2554a12d4d200a98a66b58637e729f149797b
  languageName: node
  linkType: hard
